
Microsoft Visual Studio Solution File, Format Version 12.00
# Visual Studio Version 17
VisualStudioVersion = 17.6.33829.357
MinimumVisualStudioVersion = 10.0.40219.1
Project("{2150E333-8FDC-42A3-9474-1A3956D46DE8}") = "Services", "Services", "{F4F16394-A3F4-445A-A831-209A0797E4CA}"
EndProject
Project("{2150E333-8FDC-42A3-9474-1A3956D46DE8}") = "Catalog", "Catalog", "{DBFE05C1-4F70-47E5-B1F9-78F2F5781896}"
EndProject
Project("{2150E333-8FDC-42A3-9474-1A3956D46DE8}") = "Basket", "Basket", "{616D8DE7-5AC6-41DC-A4BC-A915A94AED49}"
EndProject
Project("{2150E333-8FDC-42A3-9474-1A3956D46DE8}") = "Order", "Order", "{401374F2-84A7-4E73-907F-79B6F5B2F64F}"
EndProject
Project("{2150E333-8FDC-42A3-9474-1A3956D46DE8}") = "Discount", "Discount", "{36F9FC40-2CFA-44F7-9B49-8AFFFFB986FE}"
EndProject
Project("{2150E333-8FDC-42A3-9474-1A3956D46DE8}") = "Payment", "Payment", "{F29635C0-C835-46D9-9CE2-1159F950C8EA}"
EndProject
Project("{2150E333-8FDC-42A3-9474-1A3956D46DE8}") = "Frontends", "Frontends", "{3DB16177-EC1A-4E88-85C2-14D3FD07FDAD}"
EndProject
Project("{2150E333-8FDC-42A3-9474-1A3956D46DE8}") = "Gateways", "Gateways", "{DE6ABA27-1D2C-4DDF-9903-759495ABADBB}"
EndProject
Project("{2150E333-8FDC-42A3-9474-1A3956D46DE8}") = "ToDo", "ToDo", "{08A1FFE1-B723-4541-AA04-A1FBBC13427F}"
EndProject
Project("{2150E333-8FDC-42A3-9474-1A3956D46DE8}") = "Cargo", "Cargo", "{9E49BE26-76E7-4B71-8580-961A75E3203D}"
EndProject
Project("{9A19103F-16F7-4668-BE54-9A1E7A4F7556}") = "CasgemMicroService.Basket", "Services\Basket\CasgemMicroService.Basket\CasgemMicroService.Basket.csproj", "{9E178A8E-25C1-435F-ABFA-BBFEA632781F}"
EndProject
Project("{9A19103F-16F7-4668-BE54-9A1E7A4F7556}") = "CasgemMicroService.Catalog", "Services\Catalog\CasgemMicroService.Catalog\CasgemMicroService.Catalog.csproj", "{D9E344E4-8ED9-47A1-9819-22F5E9CF1BE5}"
EndProject
Project("{9A19103F-16F7-4668-BE54-9A1E7A4F7556}") = "CasgemMicroService.Discount", "Services\Discount\CasgemMicroService.Discount\CasgemMicroService.Discount.csproj", "{D11E2351-8707-478D-88D9-EF31D1C5E23E}"
EndProject
Project("{9A19103F-16F7-4668-BE54-9A1E7A4F7556}") = "CasgemMicroService.Catalog.Order", "Services\Order\CasgemMicroService.Catalog.Order\CasgemMicroService.Catalog.Order.csproj", "{9573D91E-31CE-4875-87FD-6940A435FA66}"
EndProject
Project("{9A19103F-16F7-4668-BE54-9A1E7A4F7556}") = "CasgemMicroService.Cargo", "Services\Cargo\CasgemMicroService.Cargo\CasgemMicroService.Cargo.csproj", "{ECDA9069-07E1-403D-970E-128AB358BA17}"
EndProject
Project("{9A19103F-16F7-4668-BE54-9A1E7A4F7556}") = "CasgemMicroService.Payment", "Services\Payment\CasgemMicroService.Payment\CasgemMicroService.Payment.csproj", "{CAE567BA-0874-4AC8-A5EE-B3DCF10D9FFC}"
EndProject
Project("{2150E333-8FDC-42A3-9474-1A3956D46DE8}") = "Shared", "Shared", "{894845FB-531C-45B9-B768-D7D48D34F80A}"
EndProject
Project("{9A19103F-16F7-4668-BE54-9A1E7A4F7556}") = "Casgem_MicroServer.Shared", "Shared\Casgem_MicroServer.Shared\Casgem_MicroServer.Shared.csproj", "{CDFCDDFD-75DE-4F79-BC8F-AF0A46A36356}"
EndProject
Project("{2150E333-8FDC-42A3-9474-1A3956D46DE8}") = "IdentityServer", "IdentityServer", "{38B9A86A-BA54-4D7E-926D-60DBFF52EB53}"
EndProject
Project("{9A19103F-16F7-4668-BE54-9A1E7A4F7556}") = "Casgem_MicroServer", "IdentityServer\Casgem_MicroServer\Casgem_MicroServer.csproj", "{BB17370C-1266-4D68-80EF-FF7FE5983B7E}"
EndProject
Global
	GlobalSection(SolutionConfigurationPlatforms) = preSolution
		Debug|Any CPU = Debug|Any CPU
		Release|Any CPU = Release|Any CPU
	EndGlobalSection
	GlobalSection(ProjectConfigurationPlatforms) = postSolution
		{9E178A8E-25C1-435F-ABFA-BBFEA632781F}.Debug|Any CPU.ActiveCfg = Debug|Any CPU
		{9E178A8E-25C1-435F-ABFA-BBFEA632781F}.Debug|Any CPU.Build.0 = Debug|Any CPU
		{9E178A8E-25C1-435F-ABFA-BBFEA632781F}.Release|Any CPU.ActiveCfg = Release|Any CPU
		{9E178A8E-25C1-435F-ABFA-BBFEA632781F}.Release|Any CPU.Build.0 = Release|Any CPU
		{D9E344E4-8ED9-47A1-9819-22F5E9CF1BE5}.Debug|Any CPU.ActiveCfg = Debug|Any CPU
		{D9E344E4-8ED9-47A1-9819-22F5E9CF1BE5}.Debug|Any CPU.Build.0 = Debug|Any CPU
		{D9E344E4-8ED9-47A1-9819-22F5E9CF1BE5}.Release|Any CPU.ActiveCfg = Release|Any CPU
		{D9E344E4-8ED9-47A1-9819-22F5E9CF1BE5}.Release|Any CPU.Build.0 = Release|Any CPU
		{D11E2351-8707-478D-88D9-EF31D1C5E23E}.Debug|Any CPU.ActiveCfg = Debug|Any CPU
		{D11E2351-8707-478D-88D9-EF31D1C5E23E}.Debug|Any CPU.Build.0 = Debug|Any CPU
		{D11E2351-8707-478D-88D9-EF31D1C5E23E}.Release|Any CPU.ActiveCfg = Release|Any CPU
		{D11E2351-8707-478D-88D9-EF31D1C5E23E}.Release|Any CPU.Build.0 = Release|Any CPU
		{9573D91E-31CE-4875-87FD-6940A435FA66}.Debug|Any CPU.ActiveCfg = Debug|Any CPU
		{9573D91E-31CE-4875-87FD-6940A435FA66}.Debug|Any CPU.Build.0 = Debug|Any CPU
		{9573D91E-31CE-4875-87FD-6940A435FA66}.Release|Any CPU.ActiveCfg = Release|Any CPU
		{9573D91E-31CE-4875-87FD-6940A435FA66}.Release|Any CPU.Build.0 = Release|Any CPU
		{ECDA9069-07E1-403D-970E-128AB358BA17}.Debug|Any CPU.ActiveCfg = Debug|Any CPU
		{ECDA9069-07E1-403D-970E-128AB358BA17}.Debug|Any CPU.Build.0 = Debug|Any CPU
		{ECDA9069-07E1-403D-970E-128AB358BA17}.Release|Any CPU.ActiveCfg = Release|Any CPU
		{ECDA9069-07E1-403D-970E-128AB358BA17}.Release|Any CPU.Build.0 = Release|Any CPU
		{CAE567BA-0874-4AC8-A5EE-B3DCF10D9FFC}.Debug|Any CPU.ActiveCfg = Debug|Any CPU
		{CAE567BA-0874-4AC8-A5EE-B3DCF10D9FFC}.Debug|Any CPU.Build.0 = Debug|Any CPU
		{CAE567BA-0874-4AC8-A5EE-B3DCF10D9FFC}.Release|Any CPU.ActiveCfg = Release|Any CPU
		{CAE567BA-0874-4AC8-A5EE-B3DCF10D9FFC}.Release|Any CPU.Build.0 = Release|Any CPU
		{CDFCDDFD-75DE-4F79-BC8F-AF0A46A36356}.Debug|Any CPU.ActiveCfg = Debug|Any CPU
		{CDFCDDFD-75DE-4F79-BC8F-AF0A46A36356}.Debug|Any CPU.Build.0 = Debug|Any CPU
		{CDFCDDFD-75DE-4F79-BC8F-AF0A46A36356}.Release|Any CPU.ActiveCfg = Release|Any CPU
		{CDFCDDFD-75DE-4F79-BC8F-AF0A46A36356}.Release|Any CPU.Build.0 = Release|Any CPU
		{BB17370C-1266-4D68-80EF-FF7FE5983B7E}.Debug|Any CPU.ActiveCfg = Debug|Any CPU
		{BB17370C-1266-4D68-80EF-FF7FE5983B7E}.Debug|Any CPU.Build.0 = Debug|Any CPU
		{BB17370C-1266-4D68-80EF-FF7FE5983B7E}.Release|Any CPU.ActiveCfg = Release|Any CPU
		{BB17370C-1266-4D68-80EF-FF7FE5983B7E}.Release|Any CPU.Build.0 = Release|Any CPU
	EndGlobalSection
	GlobalSection(SolutionProperties) = preSolution
		HideSolutionNode = FALSE
	EndGlobalSection
	GlobalSection(NestedProjects) = preSolution
		{DBFE05C1-4F70-47E5-B1F9-78F2F5781896} = {F4F16394-A3F4-445A-A831-209A0797E4CA}
		{616D8DE7-5AC6-41DC-A4BC-A915A94AED49} = {F4F16394-A3F4-445A-A831-209A0797E4CA}
		{401374F2-84A7-4E73-907F-79B6F5B2F64F} = {F4F16394-A3F4-445A-A831-209A0797E4CA}
		{36F9FC40-2CFA-44F7-9B49-8AFFFFB986FE} = {F4F16394-A3F4-445A-A831-209A0797E4CA}
		{F29635C0-C835-46D9-9CE2-1159F950C8EA} = {F4F16394-A3F4-445A-A831-209A0797E4CA}
		{9E49BE26-76E7-4B71-8580-961A75E3203D} = {F4F16394-A3F4-445A-A831-209A0797E4CA}
		{9E178A8E-25C1-435F-ABFA-BBFEA632781F} = {616D8DE7-5AC6-41DC-A4BC-A915A94AED49}
		{D9E344E4-8ED9-47A1-9819-22F5E9CF1BE5} = {DBFE05C1-4F70-47E5-B1F9-78F2F5781896}
		{D11E2351-8707-478D-88D9-EF31D1C5E23E} = {36F9FC40-2CFA-44F7-9B49-8AFFFFB986FE}
		{9573D91E-31CE-4875-87FD-6940A435FA66} = {401374F2-84A7-4E73-907F-79B6F5B2F64F}
		{ECDA9069-07E1-403D-970E-128AB358BA17} = {9E49BE26-76E7-4B71-8580-961A75E3203D}
		{CAE567BA-0874-4AC8-A5EE-B3DCF10D9FFC} = {F29635C0-C835-46D9-9CE2-1159F950C8EA}
		{CDFCDDFD-75DE-4F79-BC8F-AF0A46A36356} = {894845FB-531C-45B9-B768-D7D48D34F80A}
		{BB17370C-1266-4D68-80EF-FF7FE5983B7E} = {38B9A86A-BA54-4D7E-926D-60DBFF52EB53}
	EndGlobalSection
	GlobalSection(ExtensibilityGlobals) = postSolution
		SolutionGuid = {4E9B5518-4F4C-4D11-83A5-BCD9DCC4ECE0}
	EndGlobalSection
EndGlobal
